
Microsoft Visual Studio Solution File, Format Version 12.00
# Visual Studio 15
VisualStudioVersion = 15.0.28010.2048
MinimumVisualStudioVersion = 10.0.40219.1
Project("{FAE04EC0-301F-11D3-BF4B-00C04F79EFBC}") = "MealParse", "MealParse\MealParse.csproj", "{008BFD81-7567-4545-ADDE-8C39186A5020}"
EndProject
Global
	GlobalSection(SolutionConfigurationPlatforms) = preSolution
		Debug|ARM = Debug|ARM
		Debug|x64 = Debug|x64
		Debug|x86 = Debug|x86
		Release|ARM = Release|ARM
		Release|x64 = Release|x64
		Release|x86 = Release|x86
	EndGlobalSection
	GlobalSection(ProjectConfigurationPlatforms) = postSolution
		{008BFD81-7567-4545-ADDE-8C39186A5020}.Debug|ARM.ActiveCfg = Debug|ARM
		{008BFD81-7567-4545-ADDE-8C39186A5020}.Debug|ARM.Build.0 = Debug|ARM
		{008BFD81-7567-4545-ADDE-8C39186A5020}.Debug|ARM.Deploy.0 = Debug|ARM
		{008BFD81-7567-4545-ADDE-8C39186A5020}.Debug|x64.ActiveCfg = Debug|x64
		{008BFD81-7567-4545-ADDE-8C39186A5020}.Debug|x64.Build.0 = Debug|x64
		{008BFD81-7567-4545-ADDE-8C39186A5020}.Debug|x64.Deploy.0 = Debug|x64
		{008BFD81-7567-4545-ADDE-8C39186A5020}.Debug|x86.ActiveCfg = Debug|x86
		{008BFD81-7567-4545-ADDE-8C39186A5020}.Debug|x86.Build.0 = Debug|x86
		{008BFD81-7567-4545-ADDE-8C39186A5020}.Debug|x86.Deploy.0 = Debug|x86
		{008BFD81-7567-4545-ADDE-8C39186A5020}.Release|ARM.ActiveCfg = Release|ARM
		{008BFD81-7567-4545-ADDE-8C39186A5020}.Release|ARM.Build.0 = Release|ARM
		{008BFD81-7567-4545-ADDE-8C39186A5020}.Release|ARM.Deploy.0 = Release|ARM
		{008BFD81-7567-4545-ADDE-8C39186A5020}.Release|x64.ActiveCfg = Release|x64
		{008BFD81-7567-4545-ADDE-8C39186A5020}.Release|x64.Build.0 = Release|x64
		{008BFD81-7567-4545-ADDE-8C39186A5020}.Release|x64.Deploy.0 = Release|x64
		{008BFD81-7567-4545-ADDE-8C39186A5020}.Release|x86.ActiveCfg = Release|x86
		{008BFD81-7567-4545-ADDE-8C39186A5020}.Release|x86.Build.0 = Release|x86
		{008BFD81-7567-4545-ADDE-8C39186A5020}.Release|x86.Deploy.0 = Release|x86
	EndGlobalSection
	GlobalSection(SolutionProperties) = preSolution
		HideSolutionNode = FALSE
	EndGlobalSection
	GlobalSection(ExtensibilityGlobals) = postSolution
		SolutionGuid = {A6F06CBA-25C7-43A2-8A5C-8BB4F95235DA}
	EndGlobalSection
EndGlobal
